
Microsoft Visual Studio Solution File, Format Version 12.00
# Visual Studio Version 17
VisualStudioVersion = 17.5.002.0
MinimumVisualStudioVersion = 10.0.40219.1
Project("{9A19103F-16F7-4668-BE54-9A1E7A4F7556}") = "dotnet", "dotnet.csproj", "{7A6C447B-3556-4F2B-97EA-3EE6E1D801C2}"
EndProject
Global
	GlobalSection(SolutionConfigurationPlatforms) = preSolution
		Debug|Any CPU = Debug|Any CPU
		Release|Any CPU = Release|Any CPU
	EndGlobalSection
	GlobalSection(ProjectConfigurationPlatforms) = postSolution
		{7A6C447B-3556-4F2B-97EA-3EE6E1D801C2}.Debug|Any CPU.ActiveCfg = Debug|Any CPU
		{7A6C447B-3556-4F2B-97EA-3EE6E1D801C2}.Debug|Any CPU.Build.0 = Debug|Any CPU
		{7A6C447B-3556-4F2B-97EA-3EE6E1D801C2}.Release|Any CPU.ActiveCfg = Release|Any CPU
		{7A6C447B-3556-4F2B-97EA-3EE6E1D801C2}.Release|Any CPU.Build.0 = Release|Any CPU
	EndGlobalSection
	GlobalSection(SolutionProperties) = preSolution
		HideSolutionNode = FALSE
	EndGlobalSection
	GlobalSection(ExtensibilityGlobals) = postSolution
		SolutionGuid = {96E48112-42E9-470D-B992-DC2AB65F71C7}
	EndGlobalSection
EndGlobal
